
Microsoft Visual Studio Solution File, Format Version 12.00
# Visual Studio Version 16
VisualStudioVersion = 16.0.31702.278
MinimumVisualStudioVersion = 10.0.40219.1
Project("{FAE04EC0-301F-11D3-BF4B-00C04F79EFBC}") = "WebAPIEmployee", "WebAPIEmployee\WebAPIEmployee.csproj", "{7616C4FC-C5A6-4E69-A3AF-6164E7AC03BA}"
EndProject
Global
	GlobalSection(SolutionConfigurationPlatforms) = preSolution
		Debug|Any CPU = Debug|Any CPU
		Release|Any CPU = Release|Any CPU
	EndGlobalSection
	GlobalSection(ProjectConfigurationPlatforms) = postSolution
		{7616C4FC-C5A6-4E69-A3AF-6164E7AC03BA}.Debug|Any CPU.ActiveCfg = Debug|Any CPU
		{7616C4FC-C5A6-4E69-A3AF-6164E7AC03BA}.Debug|Any CPU.Build.0 = Debug|Any CPU
		{7616C4FC-C5A6-4E69-A3AF-6164E7AC03BA}.Release|Any CPU.ActiveCfg = Release|Any CPU
		{7616C4FC-C5A6-4E69-A3AF-6164E7AC03BA}.Release|Any CPU.Build.0 = Release|Any CPU
	EndGlobalSection
	GlobalSection(SolutionProperties) = preSolution
		HideSolutionNode = FALSE
	EndGlobalSection
	GlobalSection(ExtensibilityGlobals) = postSolution
		SolutionGuid = {C8FAAC58-AC92-41CA-8AAD-804E63387478}
	EndGlobalSection
EndGlobal
